
Microsoft Visual Studio Solution File, Format Version 12.00
# Visual Studio Version 17
VisualStudioVersion = 17.7.34031.279
MinimumVisualStudioVersion = 10.0.40219.1
Project("{FAE04EC0-301F-11D3-BF4B-00C04F79EFBC}") = "SubnettingCalculator.Models", "SubnettingCalculator.Models\SubnettingCalculator.Models.csproj", "{7B952B9D-2647-4754-82FF-EC836CA2C1AC}"
EndProject
Project("{FAE04EC0-301F-11D3-BF4B-00C04F79EFBC}") = "SubnettingCalculator.Models.Tests", "SubnettingCalculator.Tests\SubnettingCalculator.Models.Tests.csproj", "{5FFCF12C-4BBB-4F21-A172-8076C5535AA7}"
EndProject
Global
	GlobalSection(SolutionConfigurationPlatforms) = preSolution
		Debug|Any CPU = Debug|Any CPU
		Release|Any CPU = Release|Any CPU
	EndGlobalSection
	GlobalSection(ProjectConfigurationPlatforms) = postSolution
		{7B952B9D-2647-4754-82FF-EC836CA2C1AC}.Debug|Any CPU.ActiveCfg = Debug|Any CPU
		{7B952B9D-2647-4754-82FF-EC836CA2C1AC}.Debug|Any CPU.Build.0 = Debug|Any CPU
		{7B952B9D-2647-4754-82FF-EC836CA2C1AC}.Release|Any CPU.ActiveCfg = Release|Any CPU
		{7B952B9D-2647-4754-82FF-EC836CA2C1AC}.Release|Any CPU.Build.0 = Release|Any CPU
		{5FFCF12C-4BBB-4F21-A172-8076C5535AA7}.Debug|Any CPU.ActiveCfg = Debug|Any CPU
		{5FFCF12C-4BBB-4F21-A172-8076C5535AA7}.Debug|Any CPU.Build.0 = Debug|Any CPU
		{5FFCF12C-4BBB-4F21-A172-8076C5535AA7}.Release|Any CPU.ActiveCfg = Release|Any CPU
		{5FFCF12C-4BBB-4F21-A172-8076C5535AA7}.Release|Any CPU.Build.0 = Release|Any CPU
	EndGlobalSection
	GlobalSection(SolutionProperties) = preSolution
		HideSolutionNode = FALSE
	EndGlobalSection
	GlobalSection(ExtensibilityGlobals) = postSolution
		SolutionGuid = {DD5D38D6-4480-489E-95C2-AC915EF31C15}
	EndGlobalSection
EndGlobal
